// !$*UTF8*$!
{
	archiveVersion = 1;
	classes = {
	};
	objectVersion = 51;
	objects = {

/* Begin PBXBuildFile section */
		570D63BD27505C5900239E14 /* LegInfoVC.swift in Sources */ = {isa = PBXBuildFile; fileRef = 570D63BC27505C5900239E14 /* LegInfoVC.swift */; };
		5753133F274F302E00B35B50 /* StationViewModel.swift in Sources */ = {isa = PBXBuildFile; fileRef = 5753133E274F302E00B35B50 /* StationViewModel.swift */; };
		7A09525C26CF952900938A50 /* cityrailBeep.wav in Resources */ = {isa = PBXBuildFile; fileRef = 7A09525B26CF952900938A50 /* cityrailBeep.wav */; };
		7A09525E26D0B01A00938A50 /* CKAccountStatus+Extension.swift in Sources */ = {isa = PBXBuildFile; fileRef = 7A09525D26D0B01A00938A50 /* CKAccountStatus+Extension.swift */; };
		7A09526026D0B53400938A50 /* CKContainerApplicationPermissionStatus+Extension.swift in Sources */ = {isa = PBXBuildFile; fileRef = 7A09525F26D0B53400938A50 /* CKContainerApplicationPermissionStatus+Extension.swift */; };
		7A1C033426E1B8E300B3587B /* UIAlertController+Extension.swift in Sources */ = {isa = PBXBuildFile; fileRef = 7A1C033326E1B8E300B3587B /* UIAlertController+Extension.swift */; };
		7A1C033626E1B9B900B3587B /* UIAlertAction+Extension.swift in Sources */ = {isa = PBXBuildFile; fileRef = 7A1C033526E1B9B900B3587B /* UIAlertAction+Extension.swift */; };
		7A1C033826E1C23600B3587B /* UISearchBar+Extension.swift in Sources */ = {isa = PBXBuildFile; fileRef = 7A1C033726E1C23600B3587B /* UISearchBar+Extension.swift */; };
		7A1C033C26E203CC00B3587B /* TripsVC.swift in Sources */ = {isa = PBXBuildFile; fileRef = 7A1C033B26E203CC00B3587B /* TripsVC.swift */; };
		7A26778126E0535100459C30 /* UIButton+Extension.swift in Sources */ = {isa = PBXBuildFile; fileRef = 7A26778026E0535100459C30 /* UIButton+Extension.swift */; };
		7A26778726E0600900459C30 /* UIControl+Extension.swift in Sources */ = {isa = PBXBuildFile; fileRef = 7A26778626E0600900459C30 /* UIControl+Extension.swift */; };
		7A26778926E063DC00459C30 /* NSAttributedString+Extension.swift in Sources */ = {isa = PBXBuildFile; fileRef = 7A26778826E063DC00459C30 /* NSAttributedString+Extension.swift */; };
		7A26778B26E0A17400459C30 /* ASTextCellNode+Extension.swift in Sources */ = {isa = PBXBuildFile; fileRef = 7A26778A26E0A17400459C30 /* ASTextCellNode+Extension.swift */; };
		7A26778D26E0B9A800459C30 /* UIAction+Extension.swift in Sources */ = {isa = PBXBuildFile; fileRef = 7A26778C26E0B9A800459C30 /* UIAction+Extension.swift */; };
		7A26779026E0C8F400459C30 /* StationName.swift in Sources */ = {isa = PBXBuildFile; fileRef = 7A26778F26E0C8F400459C30 /* StationName.swift */; };
		7A29279626CB430A005FD79B /* ShortcutType.swift in Sources */ = {isa = PBXBuildFile; fileRef = 7A29279526CB430A005FD79B /* ShortcutType.swift */; };
		7A2B912F26E598760027FCB2 /* ListIdentifiable.swift in Sources */ = {isa = PBXBuildFile; fileRef = 7A2B912B26E598760027FCB2 /* ListIdentifiable.swift */; };
		7A2B913026E598760027FCB2 /* IGListSingleSectionController+Refinements.swift in Sources */ = {isa = PBXBuildFile; fileRef = 7A2B912C26E598760027FCB2 /* IGListSingleSectionController+Refinements.swift */; };
		7A2B913126E598760027FCB2 /* IGListCollectionContext+Refinements.swift in Sources */ = {isa = PBXBuildFile; fileRef = 7A2B912D26E598760027FCB2 /* IGListCollectionContext+Refinements.swift */; };
		7A2B913226E598760027FCB2 /* ListValueSectionController.swift in Sources */ = {isa = PBXBuildFile; fileRef = 7A2B912E26E598760027FCB2 /* ListValueSectionController.swift */; };
		7A2B913426E5A2690027FCB2 /* AddTripVC.swift in Sources */ = {isa = PBXBuildFile; fileRef = 7A2B913326E5A2690027FCB2 /* AddTripVC.swift */; };
		7A2B913626E5A76F0027FCB2 /* StationSC.swift in Sources */ = {isa = PBXBuildFile; fileRef = 7A2B913526E5A76F0027FCB2 /* StationSC.swift */; };
		7A2C18FC26AE6CB2005BF502 /* AppDelegate.swift in Sources */ = {isa = PBXBuildFile; fileRef = 7A2C18FB26AE6CB2005BF502 /* AppDelegate.swift */; };
		7A2C190526AE6CB4005BF502 /* Assets.xcassets in Resources */ = {isa = PBXBuildFile; fileRef = 7A2C190426AE6CB4005BF502 /* Assets.xcassets */; };
		7A2C190826AE6CB4005BF502 /* LaunchScreen.storyboard in Resources */ = {isa = PBXBuildFile; fileRef = 7A2C190626AE6CB4005BF502 /* LaunchScreen.storyboard */; };
		7A464EAB26E856550062781D /* GoogleService-Info.plist in Resources */ = {isa = PBXBuildFile; fileRef = 7A464EAA26E856550062781D /* GoogleService-Info.plist */; };
		7A464EAF26E86D3C0062781D /* MapboxMapNode.swift in Sources */ = {isa = PBXBuildFile; fileRef = 7A464EAE26E86D3C0062781D /* MapboxMapNode.swift */; };
		7A47E2782751EEDE00ACBBED /* gtfs-realtime.pb.swift in Sources */ = {isa = PBXBuildFile; fileRef = 7A47E2772751EEDE00ACBBED /* gtfs-realtime.pb.swift */; };
		7A47E27B2751EFF200ACBBED /* StringStyle+Extension.swift in Sources */ = {isa = PBXBuildFile; fileRef = 7A47E27A2751EFF200ACBBED /* StringStyle+Extension.swift */; };
		7A493B862751DE67001022B7 /* InfoCellNode.swift in Sources */ = {isa = PBXBuildFile; fileRef = 7A493B852751DE67001022B7 /* InfoCellNode.swift */; };
		7A71F6EC26E31EB500C1243E /* StationSort.swift in Sources */ = {isa = PBXBuildFile; fileRef = 7A71F6EB26E31EB500C1243E /* StationSort.swift */; };
		7A71F6F426E3419100C1243E /* StationCellNode.swift in Sources */ = {isa = PBXBuildFile; fileRef = 7A71F6F326E3419100C1243E /* StationCellNode.swift */; };
		7A71F6F626E343BC00C1243E /* TripCellNode.swift in Sources */ = {isa = PBXBuildFile; fileRef = 7A71F6F526E343BC00C1243E /* TripCellNode.swift */; };
		7A77B9BA26B929E100712639 /* SceneDelegate.swift in Sources */ = {isa = PBXBuildFile; fileRef = 7A77B9B926B929E100712639 /* SceneDelegate.swift */; };
		7A7D6B0026DDE68200101CD9 /* CKContainer+Extension.swift in Sources */ = {isa = PBXBuildFile; fileRef = 7A7D6AFF26DDE68200101CD9 /* CKContainer+Extension.swift */; };
		7A7D6B0226DDE71200101CD9 /* InfoPlist.swift in Sources */ = {isa = PBXBuildFile; fileRef = 7A7D6B0126DDE71200101CD9 /* InfoPlist.swift */; };
		7A7D6B0626DEEADF00101CD9 /* NumberFormatter+Extension.swift in Sources */ = {isa = PBXBuildFile; fileRef = 7A7D6B0526DEEADF00101CD9 /* NumberFormatter+Extension.swift */; };
		7A7D6B0826DEF97100101CD9 /* MarqueeLabel+Extension.swift in Sources */ = {isa = PBXBuildFile; fileRef = 7A7D6B0726DEF97100101CD9 /* MarqueeLabel+Extension.swift */; };
		7A7D6B0A26DF086900101CD9 /* StopsMapCellNode.swift in Sources */ = {isa = PBXBuildFile; fileRef = 7A7D6B0926DF086900101CD9 /* StopsMapCellNode.swift */; };
		7A7D6B0F26DF27CD00101CD9 /* StopSequenceDelegate.swift in Sources */ = {isa = PBXBuildFile; fileRef = 7A7D6B0E26DF27CD00101CD9 /* StopSequenceDelegate.swift */; };
		7A7D6B1526DF6EF100101CD9 /* UIEdgeInsets+Extension.swift in Sources */ = {isa = PBXBuildFile; fileRef = 7A7D6B1426DF6EF100101CD9 /* UIEdgeInsets+Extension.swift */; };
		7A7D6B1726DF733900101CD9 /* UIActivityIndicatorView+Extension.swift in Sources */ = {isa = PBXBuildFile; fileRef = 7A7D6B1626DF733900101CD9 /* UIActivityIndicatorView+Extension.swift */; };
		7A7D6B1926DF73FD00101CD9 /* UILabel+Extension.swift in Sources */ = {isa = PBXBuildFile; fileRef = 7A7D6B1826DF73FD00101CD9 /* UILabel+Extension.swift */; };
		7A7D6B1B26DF75E600101CD9 /* UIStackView+Extension.swift in Sources */ = {isa = PBXBuildFile; fileRef = 7A7D6B1A26DF75E600101CD9 /* UIStackView+Extension.swift */; };
		7A7D6B1D26DF883200101CD9 /* UIViewController+Extension.swift in Sources */ = {isa = PBXBuildFile; fileRef = 7A7D6B1C26DF883200101CD9 /* UIViewController+Extension.swift */; };
		7A7D6B1F26DF884500101CD9 /* UIFont+Extension.swift in Sources */ = {isa = PBXBuildFile; fileRef = 7A7D6B1E26DF884500101CD9 /* UIFont+Extension.swift */; };
		7A7D6B2126DF885200101CD9 /* UIColor+Extension.swift in Sources */ = {isa = PBXBuildFile; fileRef = 7A7D6B2026DF885200101CD9 /* UIColor+Extension.swift */; };
		7A7D6B2326DF885A00101CD9 /* UIImage+Extension.swift in Sources */ = {isa = PBXBuildFile; fileRef = 7A7D6B2226DF885A00101CD9 /* UIImage+Extension.swift */; };
		7A7D6B2526DF8DFA00101CD9 /* URL+Extension.swift in Sources */ = {isa = PBXBuildFile; fileRef = 7A7D6B2426DF8DFA00101CD9 /* URL+Extension.swift */; };
		7A8487EF26E5DF810078B9D3 /* AddTripType.swift in Sources */ = {isa = PBXBuildFile; fileRef = 7A8487EE26E5DF810078B9D3 /* AddTripType.swift */; };
		7AB1B09B26E5FA1F00D17652 /* SeparatorCellNode.swift in Sources */ = {isa = PBXBuildFile; fileRef = 7AB1B09A26E5FA1F00D17652 /* SeparatorCellNode.swift */; };
		7AB79CEA26E1A3600034CA22 /* UIView+Extension.swift in Sources */ = {isa = PBXBuildFile; fileRef = 7AB79CE926E1A3600034CA22 /* UIView+Extension.swift */; };
		7AB79CEC26E1A9320034CA22 /* UISearchController+Extension.swift in Sources */ = {isa = PBXBuildFile; fileRef = 7AB79CEB26E1A9320034CA22 /* UISearchController+Extension.swift */; };
		7AB79CEE26E1AE970034CA22 /* DecodingError+Extension.swift in Sources */ = {isa = PBXBuildFile; fileRef = 7AB79CED26E1AE970034CA22 /* DecodingError+Extension.swift */; };
		7AC2B4D826AE7876008DC5CF /* TabBarController.swift in Sources */ = {isa = PBXBuildFile; fileRef = 7AC2B4D726AE7876008DC5CF /* TabBarController.swift */; };
		7AC2B4DC26AE7898008DC5CF /* NavigationController.swift in Sources */ = {isa = PBXBuildFile; fileRef = 7AC2B4DB26AE7898008DC5CF /* NavigationController.swift */; };
		7AC2B4E226AE78D0008DC5CF /* AboutVC.swift in Sources */ = {isa = PBXBuildFile; fileRef = 7AC2B4E126AE78D0008DC5CF /* AboutVC.swift */; };
		7AC2B4E726AE80DF008DC5CF /* CloudKit.framework in Frameworks */ = {isa = PBXBuildFile; fileRef = 7AC2B4E626AE80DF008DC5CF /* CloudKit.framework */; };
		7AC2B4E926AE812E008DC5CF /* Settings.bundle in Resources */ = {isa = PBXBuildFile; fileRef = 7AC2B4E826AE812E008DC5CF /* Settings.bundle */; };
		7AC2B4F226AEA6D8008DC5CF /* CKFacade.swift in Sources */ = {isa = PBXBuildFile; fileRef = 7AC2B4F126AEA6D8008DC5CF /* CKFacade.swift */; };
		7AC2B4F426AEA750008DC5CF /* Station.swift in Sources */ = {isa = PBXBuildFile; fileRef = 7AC2B4F326AEA750008DC5CF /* Station.swift */; };
		7AC3137226E8A2B000218915 /* PDFNode.swift in Sources */ = {isa = PBXBuildFile; fileRef = 7AC3137126E8A2B000218915 /* PDFNode.swift */; };
		7AC3137426E8A54D00218915 /* WKWebNode.swift in Sources */ = {isa = PBXBuildFile; fileRef = 7AC3137326E8A54D00218915 /* WKWebNode.swift */; };
		7AC3FFCA26B380A700EEBBBD /* Trip.swift in Sources */ = {isa = PBXBuildFile; fileRef = 7AC3FFC926B380A700EEBBBD /* Trip.swift */; };
		7AC3FFCC26B38FCD00EEBBBD /* CKError+Extension.swift in Sources */ = {isa = PBXBuildFile; fileRef = 7AC3FFCB26B38FCD00EEBBBD /* CKError+Extension.swift */; };
		7ACB3D202706EBCB004B81D7 /* TripViewModel.swift in Sources */ = {isa = PBXBuildFile; fileRef = 7ACB3D1F2706EBCB004B81D7 /* TripViewModel.swift */; };
		7ACC855C26B0FCF900F8F946 /* JourneyDetailVC.swift in Sources */ = {isa = PBXBuildFile; fileRef = 7ACC855B26B0FCF900F8F946 /* JourneyDetailVC.swift */; };
		7ACC855E26B0FDEB00F8F946 /* StopSequenceVC.swift in Sources */ = {isa = PBXBuildFile; fileRef = 7ACC855D26B0FDEB00F8F946 /* StopSequenceVC.swift */; };
		7ACC856726B2201E00F8F946 /* JourneyCellNode.swift in Sources */ = {isa = PBXBuildFile; fileRef = 7ACC856626B2201E00F8F946 /* JourneyCellNode.swift */; };
		7ACC856B26B22D8E00F8F946 /* AboutTopCellNode.swift in Sources */ = {isa = PBXBuildFile; fileRef = 7ACC856A26B22D8E00F8F946 /* AboutTopCellNode.swift */; };
		7ACC856D26B23DE800F8F946 /* RightDetailCellNode.swift in Sources */ = {isa = PBXBuildFile; fileRef = 7ACC856C26B23DE800F8F946 /* RightDetailCellNode.swift */; };
		7ACC857026B23F5A00F8F946 /* UserDefaults+Extension.swift in Sources */ = {isa = PBXBuildFile; fileRef = 7ACC856F26B23F5A00F8F946 /* UserDefaults+Extension.swift */; };
		7ACC857226B25C7B00F8F946 /* SubtitleCellNode.swift in Sources */ = {isa = PBXBuildFile; fileRef = 7ACC857126B25C7B00F8F946 /* SubtitleCellNode.swift */; };
		7ACC857426B2751F00F8F946 /* ToolsVC.swift in Sources */ = {isa = PBXBuildFile; fileRef = 7ACC857326B2751F00F8F946 /* ToolsVC.swift */; };
		7ACC857B26B27EE100F8F946 /* PDFVC.swift in Sources */ = {isa = PBXBuildFile; fileRef = 7ACC857A26B27EE100F8F946 /* PDFVC.swift */; };
		7ACC857D26B2835D00F8F946 /* SydneyRailNetwork.pdf in Resources */ = {isa = PBXBuildFile; fileRef = 7ACC857C26B2835D00F8F946 /* SydneyRailNetwork.pdf */; };
		7ACCC03026E6D55400333E14 /* UICollectionViewLayout+Extension.swift in Sources */ = {isa = PBXBuildFile; fileRef = 7ACCC02F26E6D55400333E14 /* UICollectionViewLayout+Extension.swift */; };
		7ACCC03226E6D6FC00333E14 /* CGFloat+Extension.swift in Sources */ = {isa = PBXBuildFile; fileRef = 7ACCC03126E6D6FC00333E14 /* CGFloat+Extension.swift */; };
		7ACCC03426E6D75E00333E14 /* CGSize+Extension.swift in Sources */ = {isa = PBXBuildFile; fileRef = 7ACCC03326E6D75E00333E14 /* CGSize+Extension.swift */; };
		7ACCC03626E6D7E500333E14 /* ASSizeRange+Extension.swift in Sources */ = {isa = PBXBuildFile; fileRef = 7ACCC03526E6D7E500333E14 /* ASSizeRange+Extension.swift */; };
		7AD1DDBE26AFABE00057BEF3 /* Commute.xcdatamodeld in Sources */ = {isa = PBXBuildFile; fileRef = 7AD1DDBC26AFABE00057BEF3 /* Commute.xcdatamodeld */; };
		7AD4E04526AFFEB0007960AD /* TripDetailVC.swift in Sources */ = {isa = PBXBuildFile; fileRef = 7AD4E04426AFFEB0007960AD /* TripDetailVC.swift */; };
		7AD4E04726AFFECE007960AD /* APIFacade.swift in Sources */ = {isa = PBXBuildFile; fileRef = 7AD4E04626AFFECE007960AD /* APIFacade.swift */; };
		7AE282CF26E848140031BAE1 /* AppCheckProviderFactory.swift in Sources */ = {isa = PBXBuildFile; fileRef = 7AE282CE26E848140031BAE1 /* AppCheckProviderFactory.swift */; };
		7AE38BB326D1D7A10021679A /* CKDatabaseScope+Extension.swift in Sources */ = {isa = PBXBuildFile; fileRef = 7AE38BB226D1D7A10021679A /* CKDatabaseScope+Extension.swift */; };
		7AF8783A26B4FB7000A81C3A /* ASViewController.swift in Sources */ = {isa = PBXBuildFile; fileRef = 7AF8783926B4FB7000A81C3A /* ASViewController.swift */; };
		7AFDA8BA26DC674B002AB73B /* NewFrankBoldItalic.ttf in Resources */ = {isa = PBXBuildFile; fileRef = 7AFDA8AE26DC6749002AB73B /* NewFrankBoldItalic.ttf */; };
		7AFDA8BB26DC674B002AB73B /* NewFrankThinItalic.ttf in Resources */ = {isa = PBXBuildFile; fileRef = 7AFDA8AF26DC6749002AB73B /* NewFrankThinItalic.ttf */; };
		7AFDA8BC26DC674B002AB73B /* NewFrankLightItalic.ttf in Resources */ = {isa = PBXBuildFile; fileRef = 7AFDA8B026DC6749002AB73B /* NewFrankLightItalic.ttf */; };
		7AFDA8BD26DC674B002AB73B /* NewFrankMediumItalic.ttf in Resources */ = {isa = PBXBuildFile; fileRef = 7AFDA8B126DC6749002AB73B /* NewFrankMediumItalic.ttf */; };
		7AFDA8BE26DC674B002AB73B /* NewFrankRegular.ttf in Resources */ = {isa = PBXBuildFile; fileRef = 7AFDA8B226DC674A002AB73B /* NewFrankRegular.ttf */; };
		7AFDA8BF26DC674B002AB73B /* NewFrankThin.ttf in Resources */ = {isa = PBXBuildFile; fileRef = 7AFDA8B326DC674A002AB73B /* NewFrankThin.ttf */; };
		7AFDA8C026DC674B002AB73B /* NewFrankExtraBold.ttf in Resources */ = {isa = PBXBuildFile; fileRef = 7AFDA8B426DC674A002AB73B /* NewFrankExtraBold.ttf */; };
		7AFDA8C126DC674B002AB73B /* NewFrankLight.ttf in Resources */ = {isa = PBXBuildFile; fileRef = 7AFDA8B526DC674A002AB73B /* NewFrankLight.ttf */; };
		7AFDA8C226DC674B002AB73B /* NewFrankRegularItalic.ttf in Resources */ = {isa = PBXBuildFile; fileRef = 7AFDA8B626DC674A002AB73B /* NewFrankRegularItalic.ttf */; };
		7AFDA8C326DC674B002AB73B /* NewFrankBold.ttf in Resources */ = {isa = PBXBuildFile; fileRef = 7AFDA8B726DC674A002AB73B /* NewFrankBold.ttf */; };
		7AFDA8C426DC674B002AB73B /* NewFrankMedium.ttf in Resources */ = {isa = PBXBuildFile; fileRef = 7AFDA8B826DC674B002AB73B /* NewFrankMedium.ttf */; };
		7AFDA8C526DC674B002AB73B /* NewFrankExtraBoldItalic.ttf in Resources */ = {isa = PBXBuildFile; fileRef = 7AFDA8B926DC674B002AB73B /* NewFrankExtraBoldItalic.ttf */; };
		7AFDA8CC26DC7283002AB73B /* AlertCellNode.swift in Sources */ = {isa = PBXBuildFile; fileRef = 7AFDA8CB26DC7283002AB73B /* AlertCellNode.swift */; };
		7AFDA8CE26DC729F002AB73B /* ServiceAlertVC.swift in Sources */ = {isa = PBXBuildFile; fileRef = 7AFDA8CD26DC729F002AB73B /* ServiceAlertVC.swift */; };
		7AFDA8D026DC72B3002AB73B /* ServiceInformationVC.swift in Sources */ = {isa = PBXBuildFile; fileRef = 7AFDA8CF26DC72B3002AB73B /* ServiceInformationVC.swift */; };
		7AFDA8D226DC7313002AB73B /* LegCellNode.swift in Sources */ = {isa = PBXBuildFile; fileRef = 7AFDA8D126DC7313002AB73B /* LegCellNode.swift */; };
		7AFDA8D726DC8CEE002AB73B /* NSParagraphStyle+Extension.swift in Sources */ = {isa = PBXBuildFile; fileRef = 7AFDA8D626DC8CEE002AB73B /* NSParagraphStyle+Extension.swift */; };
		7AFDA8DE26DCDB49002AB73B /* Int+Extension.swift in Sources */ = {isa = PBXBuildFile; fileRef = 7AFDA8DD26DCDB49002AB73B /* Int+Extension.swift */; };
		7AFDA8E326DCF0F6002AB73B /* Double+Extension.swift in Sources */ = {isa = PBXBuildFile; fileRef = 7AFDA8E226DCF0F6002AB73B /* Double+Extension.swift */; };
		DBF8CDFF69C4107866721E75 /* Pods_Commute.framework in Frameworks */ = {isa = PBXBuildFile; fileRef = 48E658014247727F107433BE /* Pods_Commute.framework */; };
/* End PBXBuildFile section */

/* Begin PBXFileReference section */
		0B08224D77C6FF2AFE87A409 /* Pods-Commute.debug.xcconfig */ = {isa = PBXFileReference; includeInIndex = 1; lastKnownFileType = text.xcconfig; name = "Pods-Commute.debug.xcconfig"; path = "Target Support Files/Pods-Commute/Pods-Commute.debug.xcconfig"; sourceTree = "<group>"; };
		48E658014247727F107433BE /* Pods_Commute.framework */ = {isa = PBXFileReference; explicitFileType = wrapper.framework; includeInIndex = 0; path = Pods_Commute.framework; sourceTree = BUILT_PRODUCTS_DIR; };
		4C21E28A3F23E0A640FF21A7 /* Pods-Commute.release.xcconfig */ = {isa = PBXFileReference; includeInIndex = 1; lastKnownFileType = text.xcconfig; name = "Pods-Commute.release.xcconfig"; path = "Target Support Files/Pods-Commute/Pods-Commute.release.xcconfig"; sourceTree = "<group>"; };
		570D63BC27505C5900239E14 /* LegInfoVC.swift */ = {isa = PBXFileReference; lastKnownFileType = sourcecode.swift; path = LegInfoVC.swift; sourceTree = "<group>"; };
		5753133E274F302E00B35B50 /* StationViewModel.swift */ = {isa = PBXFileReference; lastKnownFileType = sourcecode.swift; path = StationViewModel.swift; sourceTree = "<group>"; };
		7A09525B26CF952900938A50 /* cityrailBeep.wav */ = {isa = PBXFileReference; lastKnownFileType = audio.wav; path = cityrailBeep.wav; sourceTree = "<group>"; };
		7A09525D26D0B01A00938A50 /* CKAccountStatus+Extension.swift */ = {isa = PBXFileReference; lastKnownFileType = sourcecode.swift; path = "CKAccountStatus+Extension.swift"; sourceTree = "<group>"; };
		7A09525F26D0B53400938A50 /* CKContainerApplicationPermissionStatus+Extension.swift */ = {isa = PBXFileReference; lastKnownFileType = sourcecode.swift; path = "CKContainerApplicationPermissionStatus+Extension.swift"; sourceTree = "<group>"; };
		7A12305B274F5EB400F41D56 /* ExportOptions.plist */ = {isa = PBXFileReference; lastKnownFileType = text.plist.xml; path = ExportOptions.plist; sourceTree = "<group>"; };
		7A1C033326E1B8E300B3587B /* UIAlertController+Extension.swift */ = {isa = PBXFileReference; lastKnownFileType = sourcecode.swift; path = "UIAlertController+Extension.swift"; sourceTree = "<group>"; };
		7A1C033526E1B9B900B3587B /* UIAlertAction+Extension.swift */ = {isa = PBXFileReference; lastKnownFileType = sourcecode.swift; path = "UIAlertAction+Extension.swift"; sourceTree = "<group>"; };
		7A1C033726E1C23600B3587B /* UISearchBar+Extension.swift */ = {isa = PBXFileReference; lastKnownFileType = sourcecode.swift; path = "UISearchBar+Extension.swift"; sourceTree = "<group>"; };
		7A1C033B26E203CC00B3587B /* TripsVC.swift */ = {isa = PBXFileReference; lastKnownFileType = sourcecode.swift; path = TripsVC.swift; sourceTree = "<group>"; };
		7A26778026E0535100459C30 /* UIButton+Extension.swift */ = {isa = PBXFileReference; lastKnownFileType = sourcecode.swift; path = "UIButton+Extension.swift"; sourceTree = "<group>"; };
		7A26778626E0600900459C30 /* UIControl+Extension.swift */ = {isa = PBXFileReference; lastKnownFileType = sourcecode.swift; path = "UIControl+Extension.swift"; sourceTree = "<group>"; };
		7A26778826E063DC00459C30 /* NSAttributedString+Extension.swift */ = {isa = PBXFileReference; lastKnownFileType = sourcecode.swift; path = "NSAttributedString+Extension.swift"; sourceTree = "<group>"; };
		7A26778A26E0A17400459C30 /* ASTextCellNode+Extension.swift */ = {isa = PBXFileReference; lastKnownFileType = sourcecode.swift; path = "ASTextCellNode+Extension.swift"; sourceTree = "<group>"; };
		7A26778C26E0B9A800459C30 /* UIAction+Extension.swift */ = {isa = PBXFileReference; lastKnownFileType = sourcecode.swift; path = "UIAction+Extension.swift"; sourceTree = "<group>"; };
		7A26778F26E0C8F400459C30 /* StationName.swift */ = {isa = PBXFileReference; lastKnownFileType = sourcecode.swift; path = StationName.swift; sourceTree = "<group>"; };
		7A29279526CB430A005FD79B /* ShortcutType.swift */ = {isa = PBXFileReference; lastKnownFileType = sourcecode.swift; path = ShortcutType.swift; sourceTree = "<group>"; };
		7A2B912B26E598760027FCB2 /* ListIdentifiable.swift */ = {isa = PBXFileReference; fileEncoding = 4; lastKnownFileType = sourcecode.swift; path = ListIdentifiable.swift; sourceTree = "<group>"; };
		7A2B912C26E598760027FCB2 /* IGListSingleSectionController+Refinements.swift */ = {isa = PBXFileReference; fileEncoding = 4; lastKnownFileType = sourcecode.swift; path = "IGListSingleSectionController+Refinements.swift"; sourceTree = "<group>"; };
		7A2B912D26E598760027FCB2 /* IGListCollectionContext+Refinements.swift */ = {isa = PBXFileReference; fileEncoding = 4; lastKnownFileType = sourcecode.swift; path = "IGListCollectionContext+Refinements.swift"; sourceTree = "<group>"; };
		7A2B912E26E598760027FCB2 /* ListValueSectionController.swift */ = {isa = PBXFileReference; fileEncoding = 4; lastKnownFileType = sourcecode.swift; path = ListValueSectionController.swift; sourceTree = "<group>"; };
		7A2B913326E5A2690027FCB2 /* AddTripVC.swift */ = {isa = PBXFileReference; lastKnownFileType = sourcecode.swift; path = AddTripVC.swift; sourceTree = "<group>"; };
		7A2B913526E5A76F0027FCB2 /* StationSC.swift */ = {isa = PBXFileReference; lastKnownFileType = sourcecode.swift; path = StationSC.swift; sourceTree = "<group>"; };
		7A2C18F826AE6CB2005BF502 /* Commute.app */ = {isa = PBXFileReference; explicitFileType = wrapper.application; includeInIndex = 0; path = Commute.app; sourceTree = BUILT_PRODUCTS_DIR; };
		7A2C18FB26AE6CB2005BF502 /* AppDelegate.swift */ = {isa = PBXFileReference; lastKnownFileType = sourcecode.swift; path = AppDelegate.swift; sourceTree = "<group>"; };
		7A2C190426AE6CB4005BF502 /* Assets.xcassets */ = {isa = PBXFileReference; lastKnownFileType = folder.assetcatalog; path = Assets.xcassets; sourceTree = "<group>"; };
		7A2C190726AE6CB4005BF502 /* Base */ = {isa = PBXFileReference; lastKnownFileType = file.storyboard; name = Base; path = Base.lproj/LaunchScreen.storyboard; sourceTree = "<group>"; };
		7A2C190926AE6CB4005BF502 /* Info.plist */ = {isa = PBXFileReference; lastKnownFileType = text.plist.xml; path = Info.plist; sourceTree = "<group>"; };
		7A38860B26BB63F800F57EA0 /* Development.xcconfig */ = {isa = PBXFileReference; lastKnownFileType = text.xcconfig; path = Development.xcconfig; sourceTree = "<group>"; xcLanguageSpecificationIdentifier = xcode.lang.xcconfig; };
		7A38860E26BB683200F57EA0 /* Production.xcconfig */ = {isa = PBXFileReference; lastKnownFileType = text.xcconfig; path = Production.xcconfig; sourceTree = "<group>"; xcLanguageSpecificationIdentifier = xcode.lang.xcconfig; };
		7A38860F26BB835800F57EA0 /* Shared.xcconfig */ = {isa = PBXFileReference; lastKnownFileType = text.xcconfig; path = Shared.xcconfig; sourceTree = "<group>"; xcLanguageSpecificationIdentifier = xcode.lang.xcconfig; };
		7A464EAA26E856550062781D /* GoogleService-Info.plist */ = {isa = PBXFileReference; fileEncoding = 4; lastKnownFileType = text.plist.xml; path = "GoogleService-Info.plist"; sourceTree = "<group>"; };
		7A464EAE26E86D3C0062781D /* MapboxMapNode.swift */ = {isa = PBXFileReference; lastKnownFileType = sourcecode.swift; path = MapboxMapNode.swift; sourceTree = "<group>"; };
		7A47E2762751EEA500ACBBED /* gtfs-realtime.proto */ = {isa = PBXFileReference; lastKnownFileType = sourcecode.protobuf; path = "gtfs-realtime.proto"; sourceTree = "<group>"; };
		7A47E2772751EEDE00ACBBED /* gtfs-realtime.pb.swift */ = {isa = PBXFileReference; fileEncoding = 4; lastKnownFileType = sourcecode.swift; path = "gtfs-realtime.pb.swift"; sourceTree = "<group>"; };
		7A47E27A2751EFF200ACBBED /* StringStyle+Extension.swift */ = {isa = PBXFileReference; lastKnownFileType = sourcecode.swift; path = "StringStyle+Extension.swift"; sourceTree = "<group>"; };
		7A493B852751DE67001022B7 /* InfoCellNode.swift */ = {isa = PBXFileReference; lastKnownFileType = sourcecode.swift; path = InfoCellNode.swift; sourceTree = "<group>"; };
		7A71F6EB26E31EB500C1243E /* StationSort.swift */ = {isa = PBXFileReference; lastKnownFileType = sourcecode.swift; path = StationSort.swift; sourceTree = "<group>"; };
		7A71F6F326E3419100C1243E /* StationCellNode.swift */ = {isa = PBXFileReference; lastKnownFileType = sourcecode.swift; path = StationCellNode.swift; sourceTree = "<group>"; };
		7A71F6F526E343BC00C1243E /* TripCellNode.swift */ = {isa = PBXFileReference; lastKnownFileType = sourcecode.swift; path = TripCellNode.swift; sourceTree = "<group>"; };
		7A77B9B926B929E100712639 /* SceneDelegate.swift */ = {isa = PBXFileReference; lastKnownFileType = sourcecode.swift; path = SceneDelegate.swift; sourceTree = "<group>"; };
		7A7D6AFF26DDE68200101CD9 /* CKContainer+Extension.swift */ = {isa = PBXFileReference; lastKnownFileType = sourcecode.swift; path = "CKContainer+Extension.swift"; sourceTree = "<group>"; };
		7A7D6B0126DDE71200101CD9 /* InfoPlist.swift */ = {isa = PBXFileReference; lastKnownFileType = sourcecode.swift; path = InfoPlist.swift; sourceTree = "<group>"; };
		7A7D6B0526DEEADF00101CD9 /* NumberFormatter+Extension.swift */ = {isa = PBXFileReference; lastKnownFileType = sourcecode.swift; path = "NumberFormatter+Extension.swift"; sourceTree = "<group>"; };
		7A7D6B0726DEF97100101CD9 /* MarqueeLabel+Extension.swift */ = {isa = PBXFileReference; lastKnownFileType = sourcecode.swift; path = "MarqueeLabel+Extension.swift"; sourceTree = "<group>"; };
		7A7D6B0926DF086900101CD9 /* StopsMapCellNode.swift */ = {isa = PBXFileReference; lastKnownFileType = sourcecode.swift; path = StopsMapCellNode.swift; sourceTree = "<group>"; };
		7A7D6B0E26DF27CD00101CD9 /* StopSequenceDelegate.swift */ = {isa = PBXFileReference; lastKnownFileType = sourcecode.swift; path = StopSequenceDelegate.swift; sourceTree = "<group>"; };
		7A7D6B1426DF6EF100101CD9 /* UIEdgeInsets+Extension.swift */ = {isa = PBXFileReference; lastKnownFileType = sourcecode.swift; path = "UIEdgeInsets+Extension.swift"; sourceTree = "<group>"; };
		7A7D6B1626DF733900101CD9 /* UIActivityIndicatorView+Extension.swift */ = {isa = PBXFileReference; lastKnownFileType = sourcecode.swift; path = "UIActivityIndicatorView+Extension.swift"; sourceTree = "<group>"; };
		7A7D6B1826DF73FD00101CD9 /* UILabel+Extension.swift */ = {isa = PBXFileReference; lastKnownFileType = sourcecode.swift; path = "UILabel+Extension.swift"; sourceTree = "<group>"; };
		7A7D6B1A26DF75E600101CD9 /* UIStackView+Extension.swift */ = {isa = PBXFileReference; lastKnownFileType = sourcecode.swift; path = "UIStackView+Extension.swift"; sourceTree = "<group>"; };
		7A7D6B1C26DF883200101CD9 /* UIViewController+Extension.swift */ = {isa = PBXFileReference; lastKnownFileType = sourcecode.swift; path = "UIViewController+Extension.swift"; sourceTree = "<group>"; };
		7A7D6B1E26DF884500101CD9 /* UIFont+Extension.swift */ = {isa = PBXFileReference; lastKnownFileType = sourcecode.swift; path = "UIFont+Extension.swift"; sourceTree = "<group>"; };
		7A7D6B2026DF885200101CD9 /* UIColor+Extension.swift */ = {isa = PBXFileReference; lastKnownFileType = sourcecode.swift; path = "UIColor+Extension.swift"; sourceTree = "<group>"; };
		7A7D6B2226DF885A00101CD9 /* UIImage+Extension.swift */ = {isa = PBXFileReference; lastKnownFileType = sourcecode.swift; path = "UIImage+Extension.swift"; sourceTree = "<group>"; };
		7A7D6B2426DF8DFA00101CD9 /* URL+Extension.swift */ = {isa = PBXFileReference; lastKnownFileType = sourcecode.swift; path = "URL+Extension.swift"; sourceTree = "<group>"; };
		7A8487EE26E5DF810078B9D3 /* AddTripType.swift */ = {isa = PBXFileReference; lastKnownFileType = sourcecode.swift; path = AddTripType.swift; sourceTree = "<group>"; };
		7AB1B09A26E5FA1F00D17652 /* SeparatorCellNode.swift */ = {isa = PBXFileReference; lastKnownFileType = sourcecode.swift; path = SeparatorCellNode.swift; sourceTree = "<group>"; };
		7AB79CE926E1A3600034CA22 /* UIView+Extension.swift */ = {isa = PBXFileReference; lastKnownFileType = sourcecode.swift; path = "UIView+Extension.swift"; sourceTree = "<group>"; };
		7AB79CEB26E1A9320034CA22 /* UISearchController+Extension.swift */ = {isa = PBXFileReference; lastKnownFileType = sourcecode.swift; path = "UISearchController+Extension.swift"; sourceTree = "<group>"; };
		7AB79CED26E1AE970034CA22 /* DecodingError+Extension.swift */ = {isa = PBXFileReference; lastKnownFileType = sourcecode.swift; path = "DecodingError+Extension.swift"; sourceTree = "<group>"; };
		7AC2B4D026AE70FB008DC5CF /* Commute.entitlements */ = {isa = PBXFileReference; lastKnownFileType = text.plist.entitlements; path = Commute.entitlements; sourceTree = "<group>"; };
		7AC2B4D726AE7876008DC5CF /* TabBarController.swift */ = {isa = PBXFileReference; lastKnownFileType = sourcecode.swift; path = TabBarController.swift; sourceTree = "<group>"; };
		7AC2B4DB26AE7898008DC5CF /* NavigationController.swift */ = {isa = PBXFileReference; lastKnownFileType = sourcecode.swift; path = NavigationController.swift; sourceTree = "<group>"; };
		7AC2B4E126AE78D0008DC5CF /* AboutVC.swift */ = {isa = PBXFileReference; lastKnownFileType = sourcecode.swift; path = AboutVC.swift; sourceTree = "<group>"; };
		7AC2B4E626AE80DF008DC5CF /* CloudKit.framework */ = {isa = PBXFileReference; lastKnownFileType = wrapper.framework; name = CloudKit.framework; path = System/Library/Frameworks/CloudKit.framework; sourceTree = SDKROOT; };
		7AC2B4E826AE812E008DC5CF /* Settings.bundle */ = {isa = PBXFileReference; lastKnownFileType = "wrapper.plug-in"; path = Settings.bundle; sourceTree = "<group>"; };
		7AC2B4F126AEA6D8008DC5CF /* CKFacade.swift */ = {isa = PBXFileReference; lastKnownFileType = sourcecode.swift; path = CKFacade.swift; sourceTree = "<group>"; };
		7AC2B4F326AEA750008DC5CF /* Station.swift */ = {isa = PBXFileReference; lastKnownFileType = sourcecode.swift; path = Station.swift; sourceTree = "<group>"; };
		7AC3137126E8A2B000218915 /* PDFNode.swift */ = {isa = PBXFileReference; lastKnownFileType = sourcecode.swift; path = PDFNode.swift; sourceTree = "<group>"; };
		7AC3137326E8A54D00218915 /* WKWebNode.swift */ = {isa = PBXFileReference; lastKnownFileType = sourcecode.swift; path = WKWebNode.swift; sourceTree = "<group>"; };
		7AC3FFC926B380A700EEBBBD /* Trip.swift */ = {isa = PBXFileReference; lastKnownFileType = sourcecode.swift; path = Trip.swift; sourceTree = "<group>"; };
		7AC3FFCB26B38FCD00EEBBBD /* CKError+Extension.swift */ = {isa = PBXFileReference; lastKnownFileType = sourcecode.swift; path = "CKError+Extension.swift"; sourceTree = "<group>"; };
		7ACB3D1F2706EBCB004B81D7 /* TripViewModel.swift */ = {isa = PBXFileReference; lastKnownFileType = sourcecode.swift; path = TripViewModel.swift; sourceTree = "<group>"; xcLanguageSpecificationIdentifier = xcode.lang.swift; };
		7ACC855B26B0FCF900F8F946 /* JourneyDetailVC.swift */ = {isa = PBXFileReference; lastKnownFileType = sourcecode.swift; path = JourneyDetailVC.swift; sourceTree = "<group>"; };
		7ACC855D26B0FDEB00F8F946 /* StopSequenceVC.swift */ = {isa = PBXFileReference; lastKnownFileType = sourcecode.swift; path = StopSequenceVC.swift; sourceTree = "<group>"; };
		7ACC856626B2201E00F8F946 /* JourneyCellNode.swift */ = {isa = PBXFileReference; lastKnownFileType = sourcecode.swift; path = JourneyCellNode.swift; sourceTree = "<group>"; };
		7ACC856A26B22D8E00F8F946 /* AboutTopCellNode.swift */ = {isa = PBXFileReference; lastKnownFileType = sourcecode.swift; path = AboutTopCellNode.swift; sourceTree = "<group>"; };
		7ACC856C26B23DE800F8F946 /* RightDetailCellNode.swift */ = {isa = PBXFileReference; lastKnownFileType = sourcecode.swift; path = RightDetailCellNode.swift; sourceTree = "<group>"; };
		7ACC856F26B23F5A00F8F946 /* UserDefaults+Extension.swift */ = {isa = PBXFileReference; lastKnownFileType = sourcecode.swift; path = "UserDefaults+Extension.swift"; sourceTree = "<group>"; };
		7ACC857126B25C7B00F8F946 /* SubtitleCellNode.swift */ = {isa = PBXFileReference; lastKnownFileType = sourcecode.swift; path = SubtitleCellNode.swift; sourceTree = "<group>"; };
		7ACC857326B2751F00F8F946 /* ToolsVC.swift */ = {isa = PBXFileReference; lastKnownFileType = sourcecode.swift; path = ToolsVC.swift; sourceTree = "<group>"; };
		7ACC857A26B27EE100F8F946 /* PDFVC.swift */ = {isa = PBXFileReference; lastKnownFileType = sourcecode.swift; path = PDFVC.swift; sourceTree = "<group>"; };
		7ACC857C26B2835D00F8F946 /* SydneyRailNetwork.pdf */ = {isa = PBXFileReference; lastKnownFileType = image.pdf; path = SydneyRailNetwork.pdf; sourceTree = "<group>"; };
		7ACCC02F26E6D55400333E14 /* UICollectionViewLayout+Extension.swift */ = {isa = PBXFileReference; lastKnownFileType = sourcecode.swift; path = "UICollectionViewLayout+Extension.swift"; sourceTree = "<group>"; };
		7ACCC03126E6D6FC00333E14 /* CGFloat+Extension.swift */ = {isa = PBXFileReference; lastKnownFileType = sourcecode.swift; path = "CGFloat+Extension.swift"; sourceTree = "<group>"; };
		7ACCC03326E6D75E00333E14 /* CGSize+Extension.swift */ = {isa = PBXFileReference; lastKnownFileType = sourcecode.swift; path = "CGSize+Extension.swift"; sourceTree = "<group>"; };
		7ACCC03526E6D7E500333E14 /* ASSizeRange+Extension.swift */ = {isa = PBXFileReference; lastKnownFileType = sourcecode.swift; path = "ASSizeRange+Extension.swift"; sourceTree = "<group>"; };
		7AD1DDBD26AFABE00057BEF3 /* Model.xcdatamodel */ = {isa = PBXFileReference; lastKnownFileType = wrapper.xcdatamodel; path = Model.xcdatamodel; sourceTree = "<group>"; };
		7AD4E04426AFFEB0007960AD /* TripDetailVC.swift */ = {isa = PBXFileReference; lastKnownFileType = sourcecode.swift; path = TripDetailVC.swift; sourceTree = "<group>"; };
		7AD4E04626AFFECE007960AD /* APIFacade.swift */ = {isa = PBXFileReference; lastKnownFileType = sourcecode.swift; path = APIFacade.swift; sourceTree = "<group>"; };
		7AE282CE26E848140031BAE1 /* AppCheckProviderFactory.swift */ = {isa = PBXFileReference; lastKnownFileType = sourcecode.swift; path = AppCheckProviderFactory.swift; sourceTree = "<group>"; };
		7AE38BB226D1D7A10021679A /* CKDatabaseScope+Extension.swift */ = {isa = PBXFileReference; lastKnownFileType = sourcecode.swift; path = "CKDatabaseScope+Extension.swift"; sourceTree = "<group>"; };
		7AF8783926B4FB7000A81C3A /* ASViewController.swift */ = {isa = PBXFileReference; lastKnownFileType = sourcecode.swift; path = ASViewController.swift; sourceTree = "<group>"; };
		7AFDA8AE26DC6749002AB73B /* NewFrankBoldItalic.ttf */ = {isa = PBXFileReference; lastKnownFileType = file; path = NewFrankBoldItalic.ttf; sourceTree = "<group>"; };
		7AFDA8AF26DC6749002AB73B /* NewFrankThinItalic.ttf */ = {isa = PBXFileReference; lastKnownFileType = file; path = NewFrankThinItalic.ttf; sourceTree = "<group>"; };
		7AFDA8B026DC6749002AB73B /* NewFrankLightItalic.ttf */ = {isa = PBXFileReference; lastKnownFileType = file; path = NewFrankLightItalic.ttf; sourceTree = "<group>"; };
		7AFDA8B126DC6749002AB73B /* NewFrankMediumItalic.ttf */ = {isa = PBXFileReference; lastKnownFileType = file; path = NewFrankMediumItalic.ttf; sourceTree = "<group>"; };
		7AFDA8B226DC674A002AB73B /* NewFrankRegular.ttf */ = {isa = PBXFileReference; lastKnownFileType = file; path = NewFrankRegular.ttf; sourceTree = "<group>"; };
		7AFDA8B326DC674A002AB73B /* NewFrankThin.ttf */ = {isa = PBXFileReference; lastKnownFileType = file; path = NewFrankThin.ttf; sourceTree = "<group>"; };
		7AFDA8B426DC674A002AB73B /* NewFrankExtraBold.ttf */ = {isa = PBXFileReference; lastKnownFileType = file; path = NewFrankExtraBold.ttf; sourceTree = "<group>"; };
		7AFDA8B526DC674A002AB73B /* NewFrankLight.ttf */ = {isa = PBXFileReference; lastKnownFileType = file; path = NewFrankLight.ttf; sourceTree = "<group>"; };
		7AFDA8B626DC674A002AB73B /* NewFrankRegularItalic.ttf */ = {isa = PBXFileReference; lastKnownFileType = file; path = NewFrankRegularItalic.ttf; sourceTree = "<group>"; };
		7AFDA8B726DC674A002AB73B /* NewFrankBold.ttf */ = {isa = PBXFileReference; lastKnownFileType = file; path = NewFrankBold.ttf; sourceTree = "<group>"; };
		7AFDA8B826DC674B002AB73B /* NewFrankMedium.ttf */ = {isa = PBXFileReference; lastKnownFileType = file; path = NewFrankMedium.ttf; sourceTree = "<group>"; };
		7AFDA8B926DC674B002AB73B /* NewFrankExtraBoldItalic.ttf */ = {isa = PBXFileReference; lastKnownFileType = file; path = NewFrankExtraBoldItalic.ttf; sourceTree = "<group>"; };
		7AFDA8CB26DC7283002AB73B /* AlertCellNode.swift */ = {isa = PBXFileReference; lastKnownFileType = sourcecode.swift; path = AlertCellNode.swift; sourceTree = "<group>"; };
		7AFDA8CD26DC729F002AB73B /* ServiceAlertVC.swift */ = {isa = PBXFileReference; lastKnownFileType = sourcecode.swift; path = ServiceAlertVC.swift; sourceTree = "<group>"; };
		7AFDA8CF26DC72B3002AB73B /* ServiceInformationVC.swift */ = {isa = PBXFileReference; lastKnownFileType = sourcecode.swift; path = ServiceInformationVC.swift; sourceTree = "<group>"; };
		7AFDA8D126DC7313002AB73B /* LegCellNode.swift */ = {isa = PBXFileReference; lastKnownFileType = sourcecode.swift; path = LegCellNode.swift; sourceTree = "<group>"; };
		7AFDA8D626DC8CEE002AB73B /* NSParagraphStyle+Extension.swift */ = {isa = PBXFileReference; lastKnownFileType = sourcecode.swift; path = "NSParagraphStyle+Extension.swift"; sourceTree = "<group>"; };
		7AFDA8DD26DCDB49002AB73B /* Int+Extension.swift */ = {isa = PBXFileReference; lastKnownFileType = sourcecode.swift; path = "Int+Extension.swift"; sourceTree = "<group>"; };
		7AFDA8E226DCF0F6002AB73B /* Double+Extension.swift */ = {isa = PBXFileReference; lastKnownFileType = sourcecode.swift; path = "Double+Extension.swift"; sourceTree = "<group>"; };
/* End PBXFileReference section */

/* Begin PBXFrameworksBuildPhase section */
		7A2C18F526AE6CB2005BF502 /* Frameworks */ = {
			isa = PBXFrameworksBuildPhase;
			buildActionMask = 2147483647;
			files = (
				7AC2B4E726AE80DF008DC5CF /* CloudKit.framework in Frameworks */,
				DBF8CDFF69C4107866721E75 /* Pods_Commute.framework in Frameworks */,
			);
			runOnlyForDeploymentPostprocessing = 0;
		};
/* End PBXFrameworksBuildPhase section */

/* Begin PBXGroup section */
		0E074CA297D564FD4855A05A /* Pods */ = {
			isa = PBXGroup;
			children = (
				0B08224D77C6FF2AFE87A409 /* Pods-Commute.debug.xcconfig */,
				4C21E28A3F23E0A640FF21A7 /* Pods-Commute.release.xcconfig */,
			);
			path = Pods;
			sourceTree = "<group>";
		};
		303B858FB6DE92EE985CAB27 /* Frameworks */ = {
			isa = PBXGroup;
			children = (
				7AC2B4E626AE80DF008DC5CF /* CloudKit.framework */,
				48E658014247727F107433BE /* Pods_Commute.framework */,
			);
			name = Frameworks;
			sourceTree = "<group>";
		};
		7A09525A26CF950600938A50 /* Sounds */ = {
			isa = PBXGroup;
			children = (
				7A09525B26CF952900938A50 /* cityrailBeep.wav */,
			);
			path = Sounds;
			sourceTree = "<group>";
		};
		7A26778E26E0C8E200459C30 /* PropertyWrappers */ = {
			isa = PBXGroup;
			children = (
				7A26778F26E0C8F400459C30 /* StationName.swift */,
			);
			path = PropertyWrappers;
			sourceTree = "<group>";
		};
		7A2B912A26E598650027FCB2 /* IGListSwiftKit */ = {
			isa = PBXGroup;
			children = (
				7A2B912D26E598760027FCB2 /* IGListCollectionContext+Refinements.swift */,
				7A2B912C26E598760027FCB2 /* IGListSingleSectionController+Refinements.swift */,
				7A2B912B26E598760027FCB2 /* ListIdentifiable.swift */,
				7A2B912E26E598760027FCB2 /* ListValueSectionController.swift */,
			);
			path = IGListSwiftKit;
			sourceTree = "<group>";
		};
		7A2C18EF26AE6CB1005BF502 = {
			isa = PBXGroup;
			children = (
				7A12305B274F5EB400F41D56 /* ExportOptions.plist */,
				7AC2B4D326AE7333008DC5CF /* Shared */,
				7A2C18FA26AE6CB2005BF502 /* Commute */,
				7A2C18F926AE6CB2005BF502 /* Products */,
				0E074CA297D564FD4855A05A /* Pods */,
				303B858FB6DE92EE985CAB27 /* Frameworks */,
			);
			sourceTree = "<group>";
		};
		7A2C18F926AE6CB2005BF502 /* Products */ = {
			isa = PBXGroup;
			children = (
				7A2C18F826AE6CB2005BF502 /* Commute.app */,
			);
			name = Products;
			sourceTree = "<group>";
		};
		7A2C18FA26AE6CB2005BF502 /* Commute */ = {
			isa = PBXGroup;
			children = (
				7AC2B4E526AE801B008DC5CF /* Resources */,
				7AC2B4E426AE8017008DC5CF /* Sources */,
			);
			path = Commute;
			sourceTree = "<group>";
		};
		7A38860A26BB63EB00F57EA0 /* Configurations */ = {
			isa = PBXGroup;
			children = (
				7A38860F26BB835800F57EA0 /* Shared.xcconfig */,
				7A38860B26BB63F800F57EA0 /* Development.xcconfig */,
				7A38860E26BB683200F57EA0 /* Production.xcconfig */,
			);
			path = Configurations;
			sourceTree = "<group>";
		};
		7A47E2792751EFE500ACBBED /* BonMot */ = {
			isa = PBXGroup;
			children = (
				7A47E27A2751EFF200ACBBED /* StringStyle+Extension.swift */,
			);
			path = BonMot;
			sourceTree = "<group>";
		};
		7A71F6E526E2FD2D00C1243E /* UIKit */ = {
			isa = PBXGroup;
			children = (
				7A7D6B2426DF8DFA00101CD9 /* URL+Extension.swift */,
				7A26778826E063DC00459C30 /* NSAttributedString+Extension.swift */,
				7ACCC03126E6D6FC00333E14 /* CGFloat+Extension.swift */,
				7ACCC03326E6D75E00333E14 /* CGSize+Extension.swift */,
				7AFDA8D626DC8CEE002AB73B /* NSParagraphStyle+Extension.swift */,
				7A7D6B1426DF6EF100101CD9 /* UIEdgeInsets+Extension.swift */,
				7A7D6B1626DF733900101CD9 /* UIActivityIndicatorView+Extension.swift */,
				7A7D6B1826DF73FD00101CD9 /* UILabel+Extension.swift */,
				7A7D6B1A26DF75E600101CD9 /* UIStackView+Extension.swift */,
				7A7D6B1C26DF883200101CD9 /* UIViewController+Extension.swift */,
				7A7D6B1E26DF884500101CD9 /* UIFont+Extension.swift */,
				7A7D6B2026DF885200101CD9 /* UIColor+Extension.swift */,
				7A7D6B2226DF885A00101CD9 /* UIImage+Extension.swift */,
				7A26778026E0535100459C30 /* UIButton+Extension.swift */,
				7A26778626E0600900459C30 /* UIControl+Extension.swift */,
				7A26778C26E0B9A800459C30 /* UIAction+Extension.swift */,
				7AB79CE926E1A3600034CA22 /* UIView+Extension.swift */,
				7AB79CEB26E1A9320034CA22 /* UISearchController+Extension.swift */,
				7A1C033326E1B8E300B3587B /* UIAlertController+Extension.swift */,
				7A1C033526E1B9B900B3587B /* UIAlertAction+Extension.swift */,
				7A1C033726E1C23600B3587B /* UISearchBar+Extension.swift */,
				7ACCC02F26E6D55400333E14 /* UICollectionViewLayout+Extension.swift */,
			);
			path = UIKit;
			sourceTree = "<group>";
		};
		7A71F6E626E2FDC200C1243E /* CloudKit */ = {
			isa = PBXGroup;
			children = (
				7A7D6AFF26DDE68200101CD9 /* CKContainer+Extension.swift */,
				7A09525D26D0B01A00938A50 /* CKAccountStatus+Extension.swift */,
				7AC3FFCB26B38FCD00EEBBBD /* CKError+Extension.swift */,
				7A09525F26D0B53400938A50 /* CKContainerApplicationPermissionStatus+Extension.swift */,
				7AE38BB226D1D7A10021679A /* CKDatabaseScope+Extension.swift */,
			);
			path = CloudKit;
			sourceTree = "<group>";
		};
		7A7D6B0D26DF27AD00101CD9 /* Protocols */ = {
			isa = PBXGroup;
			children = (
				7A7D6B0E26DF27CD00101CD9 /* StopSequenceDelegate.swift */,
			);
			path = Protocols;
			sourceTree = "<group>";
		};
		7A8D33AC26E4281500D3333D /* SectionControllers */ = {
			isa = PBXGroup;
			children = (
				7A2B913526E5A76F0027FCB2 /* StationSC.swift */,
			);
			path = SectionControllers;
			sourceTree = "<group>";
		};
		7AAA3F0826CB96F3002231CE /* Fonts */ = {
			isa = PBXGroup;
			children = (
				7AFDA8B326DC674A002AB73B /* NewFrankThin.ttf */,
				7AFDA8AF26DC6749002AB73B /* NewFrankThinItalic.ttf */,
				7AFDA8B526DC674A002AB73B /* NewFrankLight.ttf */,
				7AFDA8B026DC6749002AB73B /* NewFrankLightItalic.ttf */,
				7AFDA8B226DC674A002AB73B /* NewFrankRegular.ttf */,
				7AFDA8B626DC674A002AB73B /* NewFrankRegularItalic.ttf */,
				7AFDA8B826DC674B002AB73B /* NewFrankMedium.ttf */,
				7AFDA8B126DC6749002AB73B /* NewFrankMediumItalic.ttf */,
				7AFDA8B726DC674A002AB73B /* NewFrankBold.ttf */,
				7AFDA8AE26DC6749002AB73B /* NewFrankBoldItalic.ttf */,
				7AFDA8B426DC674A002AB73B /* NewFrankExtraBold.ttf */,
				7AFDA8B926DC674B002AB73B /* NewFrankExtraBoldItalic.ttf */,
			);
			path = Fonts;
			sourceTree = "<group>";
		};
		7AB1B09C26E6096000D17652 /* IGListKit */ = {
			isa = PBXGroup;
			children = (
				7A2B912A26E598650027FCB2 /* IGListSwiftKit */,
			);
			path = IGListKit;
			sourceTree = "<group>";
		};
		7ABBA91726E36B4D00A673CF /* AsyncDisplayKit */ = {
			isa = PBXGroup;
			children = (
				7A26778A26E0A17400459C30 /* ASTextCellNode+Extension.swift */,
				7ACCC03526E6D7E500333E14 /* ASSizeRange+Extension.swift */,
			);
			path = AsyncDisplayKit;
			sourceTree = "<group>";
		};
		7AC2B4D326AE7333008DC5CF /* Shared */ = {
			isa = PBXGroup;
			children = (
				7A38860A26BB63EB00F57EA0 /* Configurations */,
				7AC2B4EC26AE8420008DC5CF /* Resources */,
				7AC2B4EB26AE8419008DC5CF /* Sources */,
			);
			path = Shared;
			sourceTree = "<group>";
		};
		7AC2B4D426AE733B008DC5CF /* Model */ = {
			isa = PBXGroup;
			children = (
				7ACB3D1E2706EBC0004B81D7 /* ListDiffable */,
				7AFDA8C626DC6FCD002AB73B /* ProtocolBuffers */,
				7ADFA39F26C9D1F600F474DA /* TPAPI */,
				7ADFA3AE26C9D25100F474DA /* CloudKit */,
				7AC7376726B0D201009B330C /* CoreData */,
				7A29279526CB430A005FD79B /* ShortcutType.swift */,
				7A7D6B0126DDE71200101CD9 /* InfoPlist.swift */,
				7A71F6EB26E31EB500C1243E /* StationSort.swift */,
				7A8487EE26E5DF810078B9D3 /* AddTripType.swift */,
			);
			path = Model;
			sourceTree = "<group>";
		};
		7AC2B4E326AE8008008DC5CF /* BaseControllers */ = {
			isa = PBXGroup;
			children = (
				7AC2B4D726AE7876008DC5CF /* TabBarController.swift */,
				7AC2B4DB26AE7898008DC5CF /* NavigationController.swift */,
				7AF8783926B4FB7000A81C3A /* ASViewController.swift */,
				7ACC857A26B27EE100F8F946 /* PDFVC.swift */,
			);
			path = BaseControllers;
			sourceTree = "<group>";
		};
		7AC2B4E426AE8017008DC5CF /* Sources */ = {
			isa = PBXGroup;
			children = (
				7AFDA8CA26DC713C002AB73B /* Application */,
				7A7D6B0D26DF27AD00101CD9 /* Protocols */,
				7ACC856526B16AE200F8F946 /* Nodes */,
				7AC2B4E326AE8008008DC5CF /* BaseControllers */,
				7A8D33AC26E4281500D3333D /* SectionControllers */,
				7AFDA8DC26DCCD40002AB73B /* ViewControllers */,
			);
			path = Sources;
			sourceTree = "<group>";
		};
		7AC2B4E526AE801B008DC5CF /* Resources */ = {
			isa = PBXGroup;
			children = (
				7AC2B4D026AE70FB008DC5CF /* Commute.entitlements */,
				7A2C190426AE6CB4005BF502 /* Assets.xcassets */,
				7A2C190626AE6CB4005BF502 /* LaunchScreen.storyboard */,
				7A464EAA26E856550062781D /* GoogleService-Info.plist */,
				7A2C190926AE6CB4005BF502 /* Info.plist */,
				7AC2B4E826AE812E008DC5CF /* Settings.bundle */,
			);
			path = Resources;
			sourceTree = "<group>";
		};
		7AC2B4EB26AE8419008DC5CF /* Sources */ = {
			isa = PBXGroup;
			children = (
				7A26778E26E0C8E200459C30 /* PropertyWrappers */,
				7ACC856E26B23F4B00F8F946 /* Extensions */,
				7AC2B4D426AE733B008DC5CF /* Model */,
			);
			path = Sources;
			sourceTree = "<group>";
		};
		7AC2B4EC26AE8420008DC5CF /* Resources */ = {
			isa = PBXGroup;
			children = (
				7A09525A26CF950600938A50 /* Sounds */,
				7AAA3F0826CB96F3002231CE /* Fonts */,
				7ACC85C126B36A1300F8F946 /* CoreData */,
				7ACC857726B2787000F8F946 /* PDF */,
			);
			path = Resources;
			sourceTree = "<group>";
		};
		7AC7376726B0D201009B330C /* CoreData */ = {
			isa = PBXGroup;
			children = (
				7AC3FFC926B380A700EEBBBD /* Trip.swift */,
			);
			path = CoreData;
			sourceTree = "<group>";
		};
		7ACB3D1E2706EBC0004B81D7 /* ListDiffable */ = {
			isa = PBXGroup;
			children = (
				7ACB3D1F2706EBCB004B81D7 /* TripViewModel.swift */,
				5753133E274F302E00B35B50 /* StationViewModel.swift */,
			);
			path = ListDiffable;
			sourceTree = "<group>";
		};
		7ACC856526B16AE200F8F946 /* Nodes */ = {
			isa = PBXGroup;
			children = (
				7A71F6F526E343BC00C1243E /* TripCellNode.swift */,
				7AB1B09A26E5FA1F00D17652 /* SeparatorCellNode.swift */,
				7A71F6F326E3419100C1243E /* StationCellNode.swift */,
				7ACC856626B2201E00F8F946 /* JourneyCellNode.swift */,
				7AFDA8D126DC7313002AB73B /* LegCellNode.swift */,
				7ACC856C26B23DE800F8F946 /* RightDetailCellNode.swift */,
				7ACC857126B25C7B00F8F946 /* SubtitleCellNode.swift */,
				7ACC856A26B22D8E00F8F946 /* AboutTopCellNode.swift */,
				7A7D6B0926DF086900101CD9 /* StopsMapCellNode.swift */,
				7AFDA8CB26DC7283002AB73B /* AlertCellNode.swift */,
				7A464EAE26E86D3C0062781D /* MapboxMapNode.swift */,
				7AC3137126E8A2B000218915 /* PDFNode.swift */,
				7AC3137326E8A54D00218915 /* WKWebNode.swift */,
				7A493B852751DE67001022B7 /* InfoCellNode.swift */,
			);
			path = Nodes;
			sourceTree = "<group>";
		};
		7ACC856E26B23F4B00F8F946 /* Extensions */ = {
			isa = PBXGroup;
			children = (
				7A47E2792751EFE500ACBBED /* BonMot */,
				7AB1B09C26E6096000D17652 /* IGListKit */,
				7A71F6E526E2FD2D00C1243E /* UIKit */,
				7ABBA91726E36B4D00A673CF /* AsyncDisplayKit */,
				7ACCC03826E6DBE100333E14 /* MarqueeLabel */,
				7A71F6E626E2FDC200C1243E /* CloudKit */,
				7ACC856F26B23F5A00F8F946 /* UserDefaults+Extension.swift */,
				7AFDA8DD26DCDB49002AB73B /* Int+Extension.swift */,
				7AFDA8E226DCF0F6002AB73B /* Double+Extension.swift */,
				7A7D6B0526DEEADF00101CD9 /* NumberFormatter+Extension.swift */,
				7AB79CED26E1AE970034CA22 /* DecodingError+Extension.swift */,
			);
			path = Extensions;
			sourceTree = "<group>";
		};
		7ACC857726B2787000F8F946 /* PDF */ = {
			isa = PBXGroup;
			children = (
				7ACC857C26B2835D00F8F946 /* SydneyRailNetwork.pdf */,
			);
			path = PDF;
			sourceTree = "<group>";
		};
		7ACC85C126B36A1300F8F946 /* CoreData */ = {
			isa = PBXGroup;
			children = (
				7AD1DDBC26AFABE00057BEF3 /* Commute.xcdatamodeld */,
			);
			path = CoreData;
			sourceTree = "<group>";
		};
		7ACCC03826E6DBE100333E14 /* MarqueeLabel */ = {
			isa = PBXGroup;
			children = (
				7A7D6B0726DEF97100101CD9 /* MarqueeLabel+Extension.swift */,
			);
			path = MarqueeLabel;
			sourceTree = "<group>";
		};
		7ADFA39F26C9D1F600F474DA /* TPAPI */ = {
			isa = PBXGroup;
			children = (
				7AD4E04626AFFECE007960AD /* APIFacade.swift */,
			);
			path = TPAPI;
			sourceTree = "<group>";
		};
		7ADFA3AE26C9D25100F474DA /* CloudKit */ = {
			isa = PBXGroup;
			children = (
				7AC2B4F126AEA6D8008DC5CF /* CKFacade.swift */,
				7AC2B4F326AEA750008DC5CF /* Station.swift */,
			);
			path = CloudKit;
			sourceTree = "<group>";
		};
		7AFDA8C626DC6FCD002AB73B /* ProtocolBuffers */ = {
			isa = PBXGroup;
			children = (
				7A47E2772751EEDE00ACBBED /* gtfs-realtime.pb.swift */,
				7A47E2762751EEA500ACBBED /* gtfs-realtime.proto */,
			);
			path = ProtocolBuffers;
			sourceTree = "<group>";
		};
		7AFDA8CA26DC713C002AB73B /* Application */ = {
			isa = PBXGroup;
			children = (
				7A2C18FB26AE6CB2005BF502 /* AppDelegate.swift */,
				7A77B9B926B929E100712639 /* SceneDelegate.swift */,
				7AE282CE26E848140031BAE1 /* AppCheckProviderFactory.swift */,
			);
			path = Application;
			sourceTree = "<group>";
		};
		7AFDA8DC26DCCD40002AB73B /* ViewControllers */ = {
			isa = PBXGroup;
			children = (
				7A1C033B26E203CC00B3587B /* TripsVC.swift */,
				7A2B913326E5A2690027FCB2 /* AddTripVC.swift */,
				7AD4E04426AFFEB0007960AD /* TripDetailVC.swift */,
				7ACC855B26B0FCF900F8F946 /* JourneyDetailVC.swift */,
				7ACC855D26B0FDEB00F8F946 /* StopSequenceVC.swift */,
				570D63BC27505C5900239E14 /* LegInfoVC.swift */,
				7ACC857326B2751F00F8F946 /* ToolsVC.swift */,
				7AFDA8CF26DC72B3002AB73B /* ServiceInformationVC.swift */,
				7AFDA8CD26DC729F002AB73B /* ServiceAlertVC.swift */,
				7AC2B4E126AE78D0008DC5CF /* AboutVC.swift */,
			);
			path = ViewControllers;
			sourceTree = "<group>";
		};
/* End PBXGroup section */

/* Begin PBXNativeTarget section */
		7A2C18F726AE6CB2005BF502 /* Commute */ = {
			isa = PBXNativeTarget;
			buildConfigurationList = 7A2C190C26AE6CB4005BF502 /* Build configuration list for PBXNativeTarget "Commute" */;
			buildPhases = (
				585D8D2AA137F5E62E6599E4 /* [CP] Check Pods Manifest.lock */,
				7AC2B4CF26AE7070008DC5CF /* Initialise SwiftLint */,
				7A2C18F426AE6CB2005BF502 /* Sources */,
				7A2C18F526AE6CB2005BF502 /* Frameworks */,
				7A2C18F626AE6CB2005BF502 /* Resources */,
				43752CBDD0EFDDD7F07F5DEF /* [CP] Embed Pods Frameworks */,
				7AC2B4EA26AE8259008DC5CF /* Append Values to Settings.bundle/Root.plist */,
				7AE282CB26E844890031BAE1 /* Initialise Crashlytics */,
			);
			buildRules = (
			);
			dependencies = (
			);
			name = Commute;
			packageProductDependencies = (
			);
			productName = Commute;
			productReference = 7A2C18F826AE6CB2005BF502 /* Commute.app */;
			productType = "com.apple.product-type.application";
		};
/* End PBXNativeTarget section */

/* Begin PBXProject section */
		7A2C18F026AE6CB1005BF502 /* Project object */ = {
			isa = PBXProject;
			attributes = {
				LastSwiftUpdateCheck = 1250;
				LastUpgradeCheck = 1250;
				ORGANIZATIONNAME = "Tavitian Cloud";
				TargetAttributes = {
					7A2C18F726AE6CB2005BF502 = {
						CreatedOnToolsVersion = 12.5.1;
					};
				};
			};
			buildConfigurationList = 7A2C18F326AE6CB1005BF502 /* Build configuration list for PBXProject "Commute" */;
			compatibilityVersion = "Xcode 9.3";
			developmentRegion = en;
			hasScannedForEncodings = 0;
			knownRegions = (
				en,
				Base,
			);
			mainGroup = 7A2C18EF26AE6CB1005BF502;
			packageReferences = (
			);
			productRefGroup = 7A2C18F926AE6CB2005BF502 /* Products */;
			projectDirPath = "";
			projectRoot = "";
			targets = (
				7A2C18F726AE6CB2005BF502 /* Commute */,
			);
		};
/* End PBXProject section */

/* Begin PBXResourcesBuildPhase section */
		7A2C18F626AE6CB2005BF502 /* Resources */ = {
			isa = PBXResourcesBuildPhase;
			buildActionMask = 2147483647;
			files = (
				7A2C190826AE6CB4005BF502 /* LaunchScreen.storyboard in Resources */,
				7AFDA8C526DC674B002AB73B /* NewFrankExtraBoldItalic.ttf in Resources */,
				7AFDA8C226DC674B002AB73B /* NewFrankRegularItalic.ttf in Resources */,
				7AFDA8C326DC674B002AB73B /* NewFrankBold.ttf in Resources */,
				7AFDA8BA26DC674B002AB73B /* NewFrankBoldItalic.ttf in Resources */,
				7AFDA8C026DC674B002AB73B /* NewFrankExtraBold.ttf in Resources */,
				7AFDA8BB26DC674B002AB73B /* NewFrankThinItalic.ttf in Resources */,
				7AFDA8BE26DC674B002AB73B /* NewFrankRegular.ttf in Resources */,
				7AFDA8BF26DC674B002AB73B /* NewFrankThin.ttf in Resources */,
				7A09525C26CF952900938A50 /* cityrailBeep.wav in Resources */,
				7AFDA8BD26DC674B002AB73B /* NewFrankMediumItalic.ttf in Resources */,
				7A464EAB26E856550062781D /* GoogleService-Info.plist in Resources */,
				7ACC857D26B2835D00F8F946 /* SydneyRailNetwork.pdf in Resources */,
				7AFDA8C426DC674B002AB73B /* NewFrankMedium.ttf in Resources */,
				7AFDA8BC26DC674B002AB73B /* NewFrankLightItalic.ttf in Resources */,
				7AC2B4E926AE812E008DC5CF /* Settings.bundle in Resources */,
				7AFDA8C126DC674B002AB73B /* NewFrankLight.ttf in Resources */,
				7A2C190526AE6CB4005BF502 /* Assets.xcassets in Resources */,
			);
			runOnlyForDeploymentPostprocessing = 0;
		};
/* End PBXResourcesBuildPhase section */

/* Begin PBXShellScriptBuildPhase section */
		43752CBDD0EFDDD7F07F5DEF /* [CP] Embed Pods Frameworks */ = {
			isa = PBXShellScriptBuildPhase;
			buildActionMask = 2147483647;
			files = (
			);
			inputFileListPaths = (
				"${PODS_ROOT}/Target Support Files/Pods-Commute/Pods-Commute-frameworks-${CONFIGURATION}-input-files.xcfilelist",
			);
			name = "[CP] Embed Pods Frameworks";
			outputFileListPaths = (
				"${PODS_ROOT}/Target Support Files/Pods-Commute/Pods-Commute-frameworks-${CONFIGURATION}-output-files.xcfilelist",
			);
			runOnlyForDeploymentPostprocessing = 0;
			shellPath = /bin/sh;
			shellScript = "\"${PODS_ROOT}/Target Support Files/Pods-Commute/Pods-Commute-frameworks.sh\"\n";
			showEnvVarsInLog = 0;
		};
		585D8D2AA137F5E62E6599E4 /* [CP] Check Pods Manifest.lock */ = {
			isa = PBXShellScriptBuildPhase;
			buildActionMask = 2147483647;
			files = (
			);
			inputFileListPaths = (
			);
			inputPaths = (
				"${PODS_PODFILE_DIR_PATH}/Podfile.lock",
				"${PODS_ROOT}/Manifest.lock",
			);
			name = "[CP] Check Pods Manifest.lock";
			outputFileListPaths = (
			);
			outputPaths = (
				"$(DERIVED_FILE_DIR)/Pods-Commute-checkManifestLockResult.txt",
			);
			runOnlyForDeploymentPostprocessing = 0;
			shellPath = /bin/sh;
			shellScript = "diff \"${PODS_PODFILE_DIR_PATH}/Podfile.lock\" \"${PODS_ROOT}/Manifest.lock\" > /dev/null\nif [ $? != 0 ] ; then\n    # print error to STDERR\n    echo \"error: The sandbox is not in sync with the Podfile.lock. Run 'pod install' or update your CocoaPods installation.\" >&2\n    exit 1\nfi\n# This output is used by Xcode 'outputs' to avoid re-running this script phase.\necho \"SUCCESS\" > \"${SCRIPT_OUTPUT_FILE_0}\"\n";
			showEnvVarsInLog = 0;
		};
		7AC2B4CF26AE7070008DC5CF /* Initialise SwiftLint */ = {
			isa = PBXShellScriptBuildPhase;
			buildActionMask = 2147483647;
			files = (
			);
			inputFileListPaths = (
			);
			inputPaths = (
			);
			name = "Initialise SwiftLint";
			outputFileListPaths = (
			);
			outputPaths = (
			);
			runOnlyForDeploymentPostprocessing = 0;
			shellPath = /bin/sh;
			shellScript = "\"${PODS_ROOT}/SwiftLint/swiftlint\"\n";
		};
		7AC2B4EA26AE8259008DC5CF /* Append Values to Settings.bundle/Root.plist */ = {
			isa = PBXShellScriptBuildPhase;
			buildActionMask = 2147483647;
			files = (
			);
			inputFileListPaths = (
			);
			inputPaths = (
			);
			name = "Append Values to Settings.bundle/Root.plist";
			outputFileListPaths = (
			);
			outputPaths = (
			);
			runOnlyForDeploymentPostprocessing = 0;
			shellPath = /bin/sh;
			shellScript = "PLISTBUDDY=\"/usr/libexec/PlistBuddy\"\nINFO_PLIST=\"$CODESIGNING_FOLDER_PATH/Info.plist\"\nSETTINGS_PLIST=\"$CODESIGNING_FOLDER_PATH/Settings.bundle/Root.plist\"\nBUNDLE_ID_VALUE=\"`$PLISTBUDDY -c \\\"Print CFBundleIdentifier\\\" \\\"$INFO_PLIST\\\"`\"\nCOPYRIGHT_VALUE=\"`$PLISTBUDDY -c \\\"Print NSHumanReadableCopyright\\\" \\\"$INFO_PLIST\\\"`\"\nVERSION_NUMBER=\"`$PLISTBUDDY -c \\\"Print CFBundleShortVersionString\\\" \\\"$INFO_PLIST\\\"`\"\nBUILD_NUMBER=\"`$PLISTBUDDY -c \\\"Print CFBundleVersion\\\" \\\"$INFO_PLIST\\\"`\"\nCOPYRIGHT=\"$COPYRIGHT_VALUE\"\nVERSION=\"$VERSION_NUMBER\"\nBUILD=\"$BUILD_NUMBER\"\nAPP_GROUP=group.$BUNDLE_ID_VALUE\n\n$PLISTBUDDY -c \"Set :ApplicationGroupContainerIdentifier $APP_GROUP\" \"$SETTINGS_PLIST\"\n$PLISTBUDDY -c \"Set :PreferenceSpecifiers:2:DefaultValue $VERSION\" \"$SETTINGS_PLIST\"\n$PLISTBUDDY -c \"Set :PreferenceSpecifiers:3:DefaultValue $BUILD\" \"$SETTINGS_PLIST\"\n$PLISTBUDDY -c \"Set :PreferenceSpecifiers:4:FooterText $COPYRIGHT\" \"$SETTINGS_PLIST\"\n";
		};
		7AE282CB26E844890031BAE1 /* Initialise Crashlytics */ = {
			isa = PBXShellScriptBuildPhase;
			buildActionMask = 2147483647;
			files = (
			);
			inputFileListPaths = (
			);
			inputPaths = (
				"${DWARF_DSYM_FOLDER_PATH}/${DWARF_DSYM_FILE_NAME}/Contents/Resources/DWARF/${TARGET_NAME}",
				"$(SRCROOT)/$(BUILT_PRODUCTS_DIR)/$(INFOPLIST_PATH)",
			);
			name = "Initialise Crashlytics";
			outputFileListPaths = (
			);
			outputPaths = (
			);
			runOnlyForDeploymentPostprocessing = 0;
			shellPath = /bin/sh;
			shellScript = "\"${PODS_ROOT}/FirebaseCrashlytics/run\"\n";
		};
/* End PBXShellScriptBuildPhase section */

/* Begin PBXSourcesBuildPhase section */
		7A2C18F426AE6CB2005BF502 /* Sources */ = {
			isa = PBXSourcesBuildPhase;
			buildActionMask = 2147483647;
			files = (
				7A464EAF26E86D3C0062781D /* MapboxMapNode.swift in Sources */,
				7AB79CEA26E1A3600034CA22 /* UIView+Extension.swift in Sources */,
				7AD4E04726AFFECE007960AD /* APIFacade.swift in Sources */,
				7AFDA8D226DC7313002AB73B /* LegCellNode.swift in Sources */,
				7A7D6B1926DF73FD00101CD9 /* UILabel+Extension.swift in Sources */,
				5753133F274F302E00B35B50 /* StationViewModel.swift in Sources */,
				7AB79CEC26E1A9320034CA22 /* UISearchController+Extension.swift in Sources */,
				7ACC856D26B23DE800F8F946 /* RightDetailCellNode.swift in Sources */,
				7A1C033C26E203CC00B3587B /* TripsVC.swift in Sources */,
				7A7D6B2526DF8DFA00101CD9 /* URL+Extension.swift in Sources */,
				7A7D6B1B26DF75E600101CD9 /* UIStackView+Extension.swift in Sources */,
				7A8487EF26E5DF810078B9D3 /* AddTripType.swift in Sources */,
				7ACC856726B2201E00F8F946 /* JourneyCellNode.swift in Sources */,
				7A26778726E0600900459C30 /* UIControl+Extension.swift in Sources */,
				7A47E2782751EEDE00ACBBED /* gtfs-realtime.pb.swift in Sources */,
				7A2B913026E598760027FCB2 /* IGListSingleSectionController+Refinements.swift in Sources */,
				7AF8783A26B4FB7000A81C3A /* ASViewController.swift in Sources */,
				7A7D6B0226DDE71200101CD9 /* InfoPlist.swift in Sources */,
				7A71F6F626E343BC00C1243E /* TripCellNode.swift in Sources */,
				7A2B913126E598760027FCB2 /* IGListCollectionContext+Refinements.swift in Sources */,
				7AD1DDBE26AFABE00057BEF3 /* Commute.xcdatamodeld in Sources */,
				7AB79CEE26E1AE970034CA22 /* DecodingError+Extension.swift in Sources */,
				7AFDA8DE26DCDB49002AB73B /* Int+Extension.swift in Sources */,
				7A26779026E0C8F400459C30 /* StationName.swift in Sources */,
				7A09526026D0B53400938A50 /* CKContainerApplicationPermissionStatus+Extension.swift in Sources */,
				7A2B913626E5A76F0027FCB2 /* StationSC.swift in Sources */,
				7A7D6B1F26DF884500101CD9 /* UIFont+Extension.swift in Sources */,
				7AC3FFCC26B38FCD00EEBBBD /* CKError+Extension.swift in Sources */,
				7ACC857426B2751F00F8F946 /* ToolsVC.swift in Sources */,
				7A2B913226E598760027FCB2 /* ListValueSectionController.swift in Sources */,
				7A7D6B0626DEEADF00101CD9 /* NumberFormatter+Extension.swift in Sources */,
				7ACCC03026E6D55400333E14 /* UICollectionViewLayout+Extension.swift in Sources */,
				7ACC855C26B0FCF900F8F946 /* JourneyDetailVC.swift in Sources */,
				7AC3137426E8A54D00218915 /* WKWebNode.swift in Sources */,
				7A7D6B0F26DF27CD00101CD9 /* StopSequenceDelegate.swift in Sources */,
				7A2B912F26E598760027FCB2 /* ListIdentifiable.swift in Sources */,
				7ACC856B26B22D8E00F8F946 /* AboutTopCellNode.swift in Sources */,
				7A09525E26D0B01A00938A50 /* CKAccountStatus+Extension.swift in Sources */,
				7AFDA8E326DCF0F6002AB73B /* Double+Extension.swift in Sources */,
				7A7D6B1D26DF883200101CD9 /* UIViewController+Extension.swift in Sources */,
				7AFDA8D726DC8CEE002AB73B /* NSParagraphStyle+Extension.swift in Sources */,
				7A26778126E0535100459C30 /* UIButton+Extension.swift in Sources */,
				7ACC857B26B27EE100F8F946 /* PDFVC.swift in Sources */,
				7A2B913426E5A2690027FCB2 /* AddTripVC.swift in Sources */,
				7AC2B4F226AEA6D8008DC5CF /* CKFacade.swift in Sources */,
				7ACC855E26B0FDEB00F8F946 /* StopSequenceVC.swift in Sources */,
				7AC3FFCA26B380A700EEBBBD /* Trip.swift in Sources */,
				7ACCC03626E6D7E500333E14 /* ASSizeRange+Extension.swift in Sources */,
				7A493B862751DE67001022B7 /* InfoCellNode.swift in Sources */,
				7A71F6EC26E31EB500C1243E /* StationSort.swift in Sources */,
				7A2C18FC26AE6CB2005BF502 /* AppDelegate.swift in Sources */,
				7A1C033426E1B8E300B3587B /* UIAlertController+Extension.swift in Sources */,
				7AC2B4F426AEA750008DC5CF /* Station.swift in Sources */,
				570D63BD27505C5900239E14 /* LegInfoVC.swift in Sources */,
				7AC2B4D826AE7876008DC5CF /* TabBarController.swift in Sources */,
				7A7D6B1726DF733900101CD9 /* UIActivityIndicatorView+Extension.swift in Sources */,
				7ACC857226B25C7B00F8F946 /* SubtitleCellNode.swift in Sources */,
				7A1C033826E1C23600B3587B /* UISearchBar+Extension.swift in Sources */,
				7ACCC03226E6D6FC00333E14 /* CGFloat+Extension.swift in Sources */,
				7A7D6B0826DEF97100101CD9 /* MarqueeLabel+Extension.swift in Sources */,
				7A77B9BA26B929E100712639 /* SceneDelegate.swift in Sources */,
				7A7D6B2126DF885200101CD9 /* UIColor+Extension.swift in Sources */,
				7A26778926E063DC00459C30 /* NSAttributedString+Extension.swift in Sources */,
				7AFDA8CC26DC7283002AB73B /* AlertCellNode.swift in Sources */,
				7AD4E04526AFFEB0007960AD /* TripDetailVC.swift in Sources */,
				7A7D6B1526DF6EF100101CD9 /* UIEdgeInsets+Extension.swift in Sources */,
				7A71F6F426E3419100C1243E /* StationCellNode.swift in Sources */,
				7A26778D26E0B9A800459C30 /* UIAction+Extension.swift in Sources */,
				7A29279626CB430A005FD79B /* ShortcutType.swift in Sources */,
				7AE282CF26E848140031BAE1 /* AppCheckProviderFactory.swift in Sources */,
				7AC2B4E226AE78D0008DC5CF /* AboutVC.swift in Sources */,
				7A7D6B0026DDE68200101CD9 /* CKContainer+Extension.swift in Sources */,
				7AFDA8D026DC72B3002AB73B /* ServiceInformationVC.swift in Sources */,
				7A26778B26E0A17400459C30 /* ASTextCellNode+Extension.swift in Sources */,
				7AC3137226E8A2B000218915 /* PDFNode.swift in Sources */,
				7ACCC03426E6D75E00333E14 /* CGSize+Extension.swift in Sources */,
				7AE38BB326D1D7A10021679A /* CKDatabaseScope+Extension.swift in Sources */,
				7A47E27B2751EFF200ACBBED /* StringStyle+Extension.swift in Sources */,
				7A7D6B2326DF885A00101CD9 /* UIImage+Extension.swift in Sources */,
				7ACB3D202706EBCB004B81D7 /* TripViewModel.swift in Sources */,
				7AB1B09B26E5FA1F00D17652 /* SeparatorCellNode.swift in Sources */,
				7AC2B4DC26AE7898008DC5CF /* NavigationController.swift in Sources */,
				7ACC857026B23F5A00F8F946 /* UserDefaults+Extension.swift in Sources */,
				7A1C033626E1B9B900B3587B /* UIAlertAction+Extension.swift in Sources */,
				7AFDA8CE26DC729F002AB73B /* ServiceAlertVC.swift in Sources */,
				7A7D6B0A26DF086900101CD9 /* StopsMapCellNode.swift in Sources */,
			);
			runOnlyForDeploymentPostprocessing = 0;
		};
/* End PBXSourcesBuildPhase section */

/* Begin PBXVariantGroup section */
		7A2C190626AE6CB4005BF502 /* LaunchScreen.storyboard */ = {
			isa = PBXVariantGroup;
			children = (
				7A2C190726AE6CB4005BF502 /* Base */,
			);
			name = LaunchScreen.storyboard;
			sourceTree = "<group>";
		};
/* End PBXVariantGroup section */

/* Begin XCBuildConfiguration section */
		7A2C190A26AE6CB4005BF502 /* Debug */ = {
			isa = XCBuildConfiguration;
			baseConfigurationReference = 7A38860B26BB63F800F57EA0 /* Development.xcconfig */;
			buildSettings = {
				CLANG_ANALYZER_NONNULL = YES;
				CLANG_ANALYZER_NUMBER_OBJECT_CONVERSION = YES_AGGRESSIVE;
				CLANG_CXX_LANGUAGE_STANDARD = "gnu++14";
				CLANG_CXX_LIBRARY = "libc++";
				CLANG_ENABLE_MODULES = YES;
				CLANG_ENABLE_OBJC_ARC = YES;
				CLANG_ENABLE_OBJC_WEAK = YES;
				CLANG_WARN_BLOCK_CAPTURE_AUTORELEASING = YES;
				CLANG_WARN_BOOL_CONVERSION = YES;
				CLANG_WARN_COMMA = YES;
				CLANG_WARN_CONSTANT_CONVERSION = YES;
				CLANG_WARN_DEPRECATED_OBJC_IMPLEMENTATIONS = YES;
				CLANG_WARN_DIRECT_OBJC_ISA_USAGE = YES_ERROR;
				CLANG_WARN_DOCUMENTATION_COMMENTS = YES;
				CLANG_WARN_EMPTY_BODY = YES;
				CLANG_WARN_ENUM_CONVERSION = YES;
				CLANG_WARN_INFINITE_RECURSION = YES;
				CLANG_WARN_INT_CONVERSION = YES;
				CLANG_WARN_NON_LITERAL_NULL_CONVERSION = YES;
				CLANG_WARN_OBJC_IMPLICIT_RETAIN_SELF = YES;
				CLANG_WARN_OBJC_LITERAL_CONVERSION = YES;
				CLANG_WARN_OBJC_ROOT_CLASS = YES_ERROR;
				CLANG_WARN_QUOTED_INCLUDE_IN_FRAMEWORK_HEADER = YES;
				CLANG_WARN_RANGE_LOOP_ANALYSIS = YES;
				CLANG_WARN_STRICT_PROTOTYPES = YES;
				CLANG_WARN_SUSPICIOUS_MOVE = YES;
				CLANG_WARN_UNGUARDED_AVAILABILITY = YES_AGGRESSIVE;
				CLANG_WARN_UNREACHABLE_CODE = YES;
				CLANG_WARN__DUPLICATE_METHOD_MATCH = YES;
				CURRENT_PROJECT_VERSION = "${COMMUTE_BUILD_VERSION}";
				DEBUG_INFORMATION_FORMAT = dwarf;
				ENABLE_STRICT_OBJC_MSGSEND = YES;
				ENABLE_TESTABILITY = YES;
				GCC_C_LANGUAGE_STANDARD = gnu11;
				GCC_DYNAMIC_NO_PIC = NO;
				GCC_NO_COMMON_BLOCKS = YES;
				GCC_OPTIMIZATION_LEVEL = 0;
				GCC_PREPROCESSOR_DEFINITIONS = (
					"DEBUG=1",
					"$(inherited)",
				);
				GCC_WARN_64_TO_32_BIT_CONVERSION = YES;
				GCC_WARN_ABOUT_RETURN_TYPE = YES_ERROR;
				GCC_WARN_UNDECLARED_SELECTOR = YES;
				GCC_WARN_UNINITIALIZED_AUTOS = YES_AGGRESSIVE;
				GCC_WARN_UNUSED_FUNCTION = YES;
				GCC_WARN_UNUSED_VARIABLE = YES;
				IPHONEOS_DEPLOYMENT_TARGET = "${COMMUTE_DEPLOYMENT_TARGET}";
				MARKETING_VERSION = "${COMMUTE_SHORT_VERSION_STRING}";
				MTL_ENABLE_DEBUG_INFO = INCLUDE_SOURCE;
				MTL_FAST_MATH = YES;
				ONLY_ACTIVE_ARCH = YES;
				SDKROOT = iphoneos;
				SWIFT_ACTIVE_COMPILATION_CONDITIONS = DEBUG;
				SWIFT_OPTIMIZATION_LEVEL = "-Onone";
			};
			name = Debug;
		};
		7A2C190B26AE6CB4005BF502 /* Release */ = {
			isa = XCBuildConfiguration;
			baseConfigurationReference = 7A38860E26BB683200F57EA0 /* Production.xcconfig */;
			buildSettings = {
				CLANG_ANALYZER_NONNULL = YES;
				CLANG_ANALYZER_NUMBER_OBJECT_CONVERSION = YES_AGGRESSIVE;
				CLANG_CXX_LANGUAGE_STANDARD = "gnu++14";
				CLANG_CXX_LIBRARY = "libc++";
				CLANG_ENABLE_MODULES = YES;
				CLANG_ENABLE_OBJC_ARC = YES;
				CLANG_ENABLE_OBJC_WEAK = YES;
				CLANG_WARN_BLOCK_CAPTURE_AUTORELEASING = YES;
				CLANG_WARN_BOOL_CONVERSION = YES;
				CLANG_WARN_COMMA = YES;
				CLANG_WARN_CONSTANT_CONVERSION = YES;
				CLANG_WARN_DEPRECATED_OBJC_IMPLEMENTATIONS = YES;
				CLANG_WARN_DIRECT_OBJC_ISA_USAGE = YES_ERROR;
				CLANG_WARN_DOCUMENTATION_COMMENTS = YES;
				CLANG_WARN_EMPTY_BODY = YES;
				CLANG_WARN_ENUM_CONVERSION = YES;
				CLANG_WARN_INFINITE_RECURSION = YES;
				CLANG_WARN_INT_CONVERSION = YES;
				CLANG_WARN_NON_LITERAL_NULL_CONVERSION = YES;
				CLANG_WARN_OBJC_IMPLICIT_RETAIN_SELF = YES;
				CLANG_WARN_OBJC_LITERAL_CONVERSION = YES;
				CLANG_WARN_OBJC_ROOT_CLASS = YES_ERROR;
				CLANG_WARN_QUOTED_INCLUDE_IN_FRAMEWORK_HEADER = YES;
				CLANG_WARN_RANGE_LOOP_ANALYSIS = YES;
				CLANG_WARN_STRICT_PROTOTYPES = YES;
				CLANG_WARN_SUSPICIOUS_MOVE = YES;
				CLANG_WARN_UNGUARDED_AVAILABILITY = YES_AGGRESSIVE;
				CLANG_WARN_UNREACHABLE_CODE = YES;
				CLANG_WARN__DUPLICATE_METHOD_MATCH = YES;
				CURRENT_PROJECT_VERSION = "${COMMUTE_BUILD_VERSION}";
				DEBUG_INFORMATION_FORMAT = "dwarf-with-dsym";
				ENABLE_NS_ASSERTIONS = NO;
				ENABLE_STRICT_OBJC_MSGSEND = YES;
				GCC_C_LANGUAGE_STANDARD = gnu11;
				GCC_NO_COMMON_BLOCKS = YES;
				GCC_WARN_64_TO_32_BIT_CONVERSION = YES;
				GCC_WARN_ABOUT_RETURN_TYPE = YES_ERROR;
				GCC_WARN_UNDECLARED_SELECTOR = YES;
				GCC_WARN_UNINITIALIZED_AUTOS = YES_AGGRESSIVE;
				GCC_WARN_UNUSED_FUNCTION = YES;
				GCC_WARN_UNUSED_VARIABLE = YES;
				IPHONEOS_DEPLOYMENT_TARGET = "${COMMUTE_DEPLOYMENT_TARGET}";
				MARKETING_VERSION = "${COMMUTE_SHORT_VERSION_STRING}";
				MTL_ENABLE_DEBUG_INFO = NO;
				MTL_FAST_MATH = YES;
				SDKROOT = iphoneos;
				SWIFT_COMPILATION_MODE = wholemodule;
				SWIFT_OPTIMIZATION_LEVEL = "-O";
				VALIDATE_PRODUCT = YES;
			};
			name = Release;
		};
		7A2C190D26AE6CB4005BF502 /* Debug */ = {
			isa = XCBuildConfiguration;
			baseConfigurationReference = 0B08224D77C6FF2AFE87A409 /* Pods-Commute.debug.xcconfig */;
			buildSettings = {
				ASSETCATALOG_COMPILER_APPICON_NAME = AppIcon;
				ASSETCATALOG_COMPILER_GLOBAL_ACCENT_COLOR_NAME = AccentColor;
				CODE_SIGN_ENTITLEMENTS = Commute/Resources/Commute.entitlements;
				CODE_SIGN_IDENTITY = "Apple Development: Paul Tavitian (P72KXKKSKD)";
				"CODE_SIGN_IDENTITY[sdk=macosx*]" = "Apple Development: Paul Tavitian (P72KXKKSKD)";
				CODE_SIGN_STYLE = Manual;
				DEBUG_INFORMATION_FORMAT = "dwarf-with-dsym";
				DEVELOPMENT_TEAM = JDL5FY6SCC;
				INFOPLIST_FILE = Commute/Resources/Info.plist;
				PRODUCT_BUNDLE_IDENTIFIER = "${COMMUTE_BUNDLE_ID}";
				PRODUCT_NAME = "$(TARGET_NAME)";
				PROVISIONING_PROFILE_SPECIFIER = "Commute Development";
				"PROVISIONING_PROFILE_SPECIFIER[sdk=macosx*]" = "Commute Development";
				SUPPORTS_MACCATALYST = NO;
				SWIFT_VERSION = 5.0;
				TARGETED_DEVICE_FAMILY = "1,2";
			};
			name = Debug;
		};
		7A2C190E26AE6CB4005BF502 /* Release */ = {
			isa = XCBuildConfiguration;
			baseConfigurationReference = 4C21E28A3F23E0A640FF21A7 /* Pods-Commute.release.xcconfig */;
			buildSettings = {
				ASSETCATALOG_COMPILER_APPICON_NAME = AppIcon;
				ASSETCATALOG_COMPILER_GLOBAL_ACCENT_COLOR_NAME = AccentColor;
				CODE_SIGN_ENTITLEMENTS = Commute/Resources/Commute.entitlements;
				CODE_SIGN_IDENTITY = "Apple Development: Paul Tavitian (P72KXKKSKD)";
				"CODE_SIGN_IDENTITY[sdk=macosx*]" = "Apple Development: Paul Tavitian (P72KXKKSKD)";
				CODE_SIGN_STYLE = Manual;
				DEBUG_INFORMATION_FORMAT = "dwarf-with-dsym";
				DEVELOPMENT_TEAM = JDL5FY6SCC;
				INFOPLIST_FILE = Commute/Resources/Info.plist;
				PRODUCT_BUNDLE_IDENTIFIER = "${COMMUTE_BUNDLE_ID}";
				PRODUCT_NAME = "$(TARGET_NAME)";
				PROVISIONING_PROFILE_SPECIFIER = "Commute Development";
				"PROVISIONING_PROFILE_SPECIFIER[sdk=macosx*]" = "Commute Development";
				SUPPORTS_MACCATALYST = NO;
				SWIFT_VERSION = 5.0;
				TARGETED_DEVICE_FAMILY = "1,2";
			};
			name = Release;
		};
/* End XCBuildConfiguration section */

/* Begin XCConfigurationList section */
		7A2C18F326AE6CB1005BF502 /* Build configuration list for PBXProject "Commute" */ = {
			isa = XCConfigurationList;
			buildConfigurations = (
				7A2C190A26AE6CB4005BF502 /* Debug */,
				7A2C190B26AE6CB4005BF502 /* Release */,
			);
			defaultConfigurationIsVisible = 0;
			defaultConfigurationName = Release;
		};
		7A2C190C26AE6CB4005BF502 /* Build configuration list for PBXNativeTarget "Commute" */ = {
			isa = XCConfigurationList;
			buildConfigurations = (
				7A2C190D26AE6CB4005BF502 /* Debug */,
				7A2C190E26AE6CB4005BF502 /* Release */,
			);
			defaultConfigurationIsVisible = 0;
			defaultConfigurationName = Release;
		};
/* End XCConfigurationList section */

/* Begin XCVersionGroup section */
		7AD1DDBC26AFABE00057BEF3 /* Commute.xcdatamodeld */ = {
			isa = XCVersionGroup;
			children = (
				7AD1DDBD26AFABE00057BEF3 /* Model.xcdatamodel */,
			);
			currentVersion = 7AD1DDBD26AFABE00057BEF3 /* Model.xcdatamodel */;
			path = Commute.xcdatamodeld;
			sourceTree = "<group>";
			versionGroupType = wrapper.xcdatamodel;
		};
/* End XCVersionGroup section */
	};
	rootObject = 7A2C18F026AE6CB1005BF502 /* Project object */;
}
